
Microsoft Visual Studio Solution File, Format Version 12.00
# Visual Studio Version 17
VisualStudioVersion = 17.1.32210.238
MinimumVisualStudioVersion = 10.0.40219.1
Project("{FAE04EC0-301F-11D3-BF4B-00C04F79EFBC}") = "Items", "Items\Items.csproj", "{F6FA78CC-65D3-45A1-9933-40CD964FAD49}"
EndProject
Project("{FAE04EC0-301F-11D3-BF4B-00C04F79EFBC}") = "Cart", "Cart\Cart.csproj", "{EFCB54D2-AD0A-461D-80E0-4415DF162750}"
EndProject
Global
	GlobalSection(SolutionConfigurationPlatforms) = preSolution
		Debug|Any CPU = Debug|Any CPU
		Release|Any CPU = Release|Any CPU
	EndGlobalSection
	GlobalSection(ProjectConfigurationPlatforms) = postSolution
		{F6FA78CC-65D3-45A1-9933-40CD964FAD49}.Debug|Any CPU.ActiveCfg = Debug|Any CPU
		{F6FA78CC-65D3-45A1-9933-40CD964FAD49}.Debug|Any CPU.Build.0 = Debug|Any CPU
		{F6FA78CC-65D3-45A1-9933-40CD964FAD49}.Release|Any CPU.ActiveCfg = Release|Any CPU
		{F6FA78CC-65D3-45A1-9933-40CD964FAD49}.Release|Any CPU.Build.0 = Release|Any CPU
		{EFCB54D2-AD0A-461D-80E0-4415DF162750}.Debug|Any CPU.ActiveCfg = Debug|Any CPU
		{EFCB54D2-AD0A-461D-80E0-4415DF162750}.Debug|Any CPU.Build.0 = Debug|Any CPU
		{EFCB54D2-AD0A-461D-80E0-4415DF162750}.Release|Any CPU.ActiveCfg = Release|Any CPU
		{EFCB54D2-AD0A-461D-80E0-4415DF162750}.Release|Any CPU.Build.0 = Release|Any CPU
	EndGlobalSection
	GlobalSection(SolutionProperties) = preSolution
		HideSolutionNode = FALSE
	EndGlobalSection
	GlobalSection(ExtensibilityGlobals) = postSolution
		SolutionGuid = {39AEE1F3-4ADC-49EA-AA38-CF511AAADF20}
	EndGlobalSection
EndGlobal
